Microsoft Visual Studio Solution File, Format Version 12.00
# Visual Studio Version 17
VisualStudioVersion = 17.5.2.0
MinimumVisualStudioVersion = 10.0.40219.1
Project("{2150E333-8FDC-42A3-9474-1A3956D46DE8}") = "app", "app", "{F95F473B-E98A-ACD6-1986-755F447BE36F}"
EndProject
Project("{FAE04EC0-301F-11D3-BF4B-00C04F79EFBC}") = "rabbitmq-publisher", "app\Publisher\rabbitmq-publisher.csproj", "{8308E830-FCB5-F0A0-09A0-94912A2EC108}"
EndProject
Project("{FAE04EC0-301F-11D3-BF4B-00C04F79EFBC}") = "rabbitmq-consumer", "app\Consumer\rabbitmq-consumer.csproj", "{48B81FA1-5A14-311E-19C3-CE2C5CB81510}"
EndProject
Global
	GlobalSection(SolutionConfigurationPlatforms) = preSolution
		Debug|Any CPU = Debug|Any CPU
		Release|Any CPU = Release|Any CPU
	EndGlobalSection
	GlobalSection(ProjectConfigurationPlatforms) = postSolution
		{8308E830-FCB5-F0A0-09A0-94912A2EC108}.Debug|Any CPU.ActiveCfg = Debug|Any CPU
		{8308E830-FCB5-F0A0-09A0-94912A2EC108}.Debug|Any CPU.Build.0 = Debug|Any CPU
		{8308E830-FCB5-F0A0-09A0-94912A2EC108}.Release|Any CPU.ActiveCfg = Release|Any CPU
		{8308E830-FCB5-F0A0-09A0-94912A2EC108}.Release|Any CPU.Build.0 = Release|Any CPU
		{48B81FA1-5A14-311E-19C3-CE2C5CB81510}.Debug|Any CPU.ActiveCfg = Debug|Any CPU
		{48B81FA1-5A14-311E-19C3-CE2C5CB81510}.Debug|Any CPU.Build.0 = Debug|Any CPU
		{48B81FA1-5A14-311E-19C3-CE2C5CB81510}.Release|Any CPU.ActiveCfg = Release|Any CPU
		{48B81FA1-5A14-311E-19C3-CE2C5CB81510}.Release|Any CPU.Build.0 = Release|Any CPU
	EndGlobalSection
	GlobalSection(SolutionProperties) = preSolution
		HideSolutionNode = FALSE
	EndGlobalSection
	GlobalSection(NestedProjects) = preSolution
		{8308E830-FCB5-F0A0-09A0-94912A2EC108} = {F95F473B-E98A-ACD6-1986-755F447BE36F}
		{48B81FA1-5A14-311E-19C3-CE2C5CB81510} = {F95F473B-E98A-ACD6-1986-755F447BE36F}
	EndGlobalSection
	GlobalSection(ExtensibilityGlobals) = postSolution
		SolutionGuid = {686FBDF3-35CE-4412-94EB-AC288B7CCCA7}
	EndGlobalSection
EndGlobal
